
Microsoft Visual Studio Solution File, Format Version 12.00
# Visual Studio Version 16
VisualStudioVersion = 16.0.32802.440
MinimumVisualStudioVersion = 10.0.40219.1
Project("{FAE04EC0-301F-11D3-BF4B-00C04F79EFBC}") = "Avaliação1", "Avaliação1\Avaliação1.csproj", "{360C788F-FD18-41E7-BEDB-774A0A5E82EA}"
EndProject
Global
	GlobalSection(SolutionConfigurationPlatforms) = preSolution
		Debug|Any CPU = Debug|Any CPU
		Release|Any CPU = Release|Any CPU
	EndGlobalSection
	GlobalSection(ProjectConfigurationPlatforms) = postSolution
		{360C788F-FD18-41E7-BEDB-774A0A5E82EA}.Debug|Any CPU.ActiveCfg = Debug|Any CPU
		{360C788F-FD18-41E7-BEDB-774A0A5E82EA}.Debug|Any CPU.Build.0 = Debug|Any CPU
		{360C788F-FD18-41E7-BEDB-774A0A5E82EA}.Release|Any CPU.ActiveCfg = Release|Any CPU
		{360C788F-FD18-41E7-BEDB-774A0A5E82EA}.Release|Any CPU.Build.0 = Release|Any CPU
	EndGlobalSection
	GlobalSection(SolutionProperties) = preSolution
		HideSolutionNode = FALSE
	EndGlobalSection
	GlobalSection(ExtensibilityGlobals) = postSolution
		SolutionGuid = {82A2FE95-201E-4265-BC67-D41BF6E7B633}
	EndGlobalSection
EndGlobal
